github.com/aleksandrzaykov88/learngo v0.0.0-20210707030947-f44169e907ab h1:/Q0Xuqp0fAt7STzKk3EFDtEYgysk6kDs20cgY82Djnw=
github.com/aleksandrzaykov88/learngo v0.0.0-20210707030947-f44169e907ab/go.mod h1:3jQ5yGQV0YazzrDevly7PGKOKpbaRx1GKjJ5SbNgm1I=
github.com/aleksandrzaykov88/learngo v0.0.0-20210707035007-d01ef0c457ff h1:SgocDktjHdvBNz12cVDU8V0wRLhkCstQPNJzb31m1nU=
github.com/aleksandrzaykov88/learngo v0.0.0-20210707035007-d01ef0c457ff/go.mod h1:3jQ5yGQV0YazzrDevly7PGKOKpbaRx1GKjJ5SbNgm1I=
github.com/aleksandrzaykov88/learngo v0.0.0-20210707041145-9b485fb7162c h1:+Z71FStyYaE3G/VVxVENhTS9sTqBZPSVEeaKVrUSASE=
github.com/aleksandrzaykov88/learngo v0.0.0-20210707041145-9b485fb7162c/go.mod h1:3jQ5yGQV0YazzrDevly7PGKOKpbaRx1GKjJ5SbNgm1I=
